{
  "name": "poker-room-player-portal",
  "version": "0.0.0",
  "lockfileVersion": 3,
  "requires": true,
  "packages": {
    "": {
      "name": "poker-room-player-portal",
      "version": "0.0.0",
      "dependencies": {
        "pusher-js": "^8.4.0",
        "react-onesignal": "^3.2.3"
      }
    },
    "node_modules/pusher-js": {
      "version": "8.4.0",
      "resolved": "https://registry.npmjs.org/pusher-js/-/pusher-js-8.4.0.tgz",
      "integrity": "sha512-wp3HqIIUc1GRyu1XrP6m2dgyE9MoCsXVsWNlohj0rjSkLf+a0jLvEyVubdg58oMk7bhjBWnFClgp8jfAa6Ak4Q==",
      "license": "MIT",
      "dependencies": {
        "tweetnacl": "^1.0.3"
      }
    },
    "node_modules/react-onesignal": {
      "version": "3.2.3",
      "resolved": "https://registry.npmjs.org/react-onesignal/-/react-onesignal-3.2.3.tgz",
      "integrity": "sha512-5LIbQbybNTQ8ngaMeJEBB1EEzDEYJ8SS10L7hHKNCIIWrTmeKpYFhCgwjwb1QFdZ+eRjil5y+ujJR6syf7SVVw==",
      "license": "MIT",
      "engines": {
        "node": ">=14",
        "npm": ">=6"
      }
    },
    "node_modules/tweetnacl": {
      "version": "1.0.3",
      "resolved": "https://registry.npmjs.org/tweetnacl/-/tweetnacl-1.0.3.tgz",
      "integrity": "sha512-6rt+RN7aOi1nGMyC4Xa5DdYiukl2UWCbcJft7YhxReBGQD7OAM8Pbxw6YMo4r2diNEA8FEmu32YOn9rhaiE5yw==",
      "license": "Unlicense"
    }
  }
}
